
Microsoft Visual Studio Solution File, Format Version 12.00
# Visual Studio Version 17
VisualStudioVersion = 17.3.32929.385
MinimumVisualStudioVersion = 10.0.40219.1
Project("{9A19103F-16F7-4668-BE54-9A1E7A4F7556}") = "FaturaTakip", "FaturaTakipSistemi\FaturaTakip.csproj", "{2EE1AE5E-2F89-4EA4-97A2-725A586B9A30}"
EndProject
Project("{FAE04EC0-301F-11D3-BF4B-00C04F79EFBC}") = "FaturaTakip.WebAPI", "FaturaTakip.WebAPI\FaturaTakip.WebAPI.csproj", "{8DAD824D-F68A-42B6-893D-B29DFD1ECABC}"
	ProjectSection(ProjectDependencies) = postProject
		{2EE1AE5E-2F89-4EA4-97A2-725A586B9A30} = {2EE1AE5E-2F89-4EA4-97A2-725A586B9A30}
	EndProjectSection
EndProject
Global
	GlobalSection(SolutionConfigurationPlatforms) = preSolution
		Debug|Any CPU = Debug|Any CPU
		Release|Any CPU = Release|Any CPU
	EndGlobalSection
	GlobalSection(ProjectConfigurationPlatforms) = postSolution
		{2EE1AE5E-2F89-4EA4-97A2-725A586B9A30}.Debug|Any CPU.ActiveCfg = Debug|Any CPU
		{2EE1AE5E-2F89-4EA4-97A2-725A586B9A30}.Debug|Any CPU.Build.0 = Debug|Any CPU
		{2EE1AE5E-2F89-4EA4-97A2-725A586B9A30}.Release|Any CPU.ActiveCfg = Release|Any CPU
		{2EE1AE5E-2F89-4EA4-97A2-725A586B9A30}.Release|Any CPU.Build.0 = Release|Any CPU
		{8DAD824D-F68A-42B6-893D-B29DFD1ECABC}.Debug|Any CPU.ActiveCfg = Debug|Any CPU
		{8DAD824D-F68A-42B6-893D-B29DFD1ECABC}.Debug|Any CPU.Build.0 = Debug|Any CPU
		{8DAD824D-F68A-42B6-893D-B29DFD1ECABC}.Release|Any CPU.ActiveCfg = Release|Any CPU
		{8DAD824D-F68A-42B6-893D-B29DFD1ECABC}.Release|Any CPU.Build.0 = Release|Any CPU
	EndGlobalSection
	GlobalSection(SolutionProperties) = preSolution
		HideSolutionNode = FALSE
	EndGlobalSection
	GlobalSection(ExtensibilityGlobals) = postSolution
		SolutionGuid = {4BF32E59-3FEC-4CF1-9406-A291552D9714}
	EndGlobalSection
EndGlobal
